
Microsoft Visual Studio Solution File, Format Version 12.00
# Visual Studio Version 16
VisualStudioVersion = 25.0.1706.12
MinimumVisualStudioVersion = 10.0.40219.1
Project("{FAE04EC0-301F-11D3-BF4B-00C04F79EFBC}") = "BestbuyEmployeeCRUDApp", "BestbuyEmployeeCRUDApp\BestbuyEmployeeCRUDApp.csproj", "{0878B04C-C366-42B1-B230-974C66FEFABF}"
EndProject
Global
	GlobalSection(SolutionConfigurationPlatforms) = preSolution
		Debug|Any CPU = Debug|Any CPU
		Release|Any CPU = Release|Any CPU
	EndGlobalSection
	GlobalSection(ProjectConfigurationPlatforms) = postSolution
		{0878B04C-C366-42B1-B230-974C66FEFABF}.Debug|Any CPU.ActiveCfg = Debug|Any CPU
		{0878B04C-C366-42B1-B230-974C66FEFABF}.Debug|Any CPU.Build.0 = Debug|Any CPU
		{0878B04C-C366-42B1-B230-974C66FEFABF}.Release|Any CPU.ActiveCfg = Release|Any CPU
		{0878B04C-C366-42B1-B230-974C66FEFABF}.Release|Any CPU.Build.0 = Release|Any CPU
	EndGlobalSection
	GlobalSection(SolutionProperties) = preSolution
		HideSolutionNode = FALSE
	EndGlobalSection
	GlobalSection(ExtensibilityGlobals) = postSolution
		SolutionGuid = {7D453B48-AE46-4DD6-B99F-B071C585071D}
	EndGlobalSection
EndGlobal
